// !$*UTF8*$!
{
	archiveVersion = 1;
	classes = {
	};
	objectVersion = 56;
	objects = {

/* Begin PBXBuildFile section */
		80E22ACB2A515F3C00F43D16 /* ItemViewModel.swift in Sources */ = {isa = PBXBuildFile; fileRef = 80E22ACA2A515F3C00F43D16 /* ItemViewModel.swift */; };
		80E22ACC2A5161B800F43D16 /* ItemViewModel.swift in Sources */ = {isa = PBXBuildFile; fileRef = 80E22ACA2A515F3C00F43D16 /* ItemViewModel.swift */; };
		80E22ACE2A51646F00F43D16 /* GHFullRepository.swift in Sources */ = {isa = PBXBuildFile; fileRef = 80E22ACD2A51646F00F43D16 /* GHFullRepository.swift */; };
		80E22AD02A5167A500F43D16 /* RepositoryPageView.swift in Sources */ = {isa = PBXBuildFile; fileRef = 80E22ACF2A5167A500F43D16 /* RepositoryPageView.swift */; };
		80E22AD22A517A1300F43D16 /* LoadableView.swift in Sources */ = {isa = PBXBuildFile; fileRef = 80E22AD12A517A1300F43D16 /* LoadableView.swift */; };
		80E22AD42A517B0800F43D16 /* ViewModel.swift in Sources */ = {isa = PBXBuildFile; fileRef = 80E22AD32A517B0800F43D16 /* ViewModel.swift */; };
		80E22ADB2A52310B00F43D16 /* DateStringFormatter.swift in Sources */ = {isa = PBXBuildFile; fileRef = 80E22ADA2A52310B00F43D16 /* DateStringFormatter.swift */; };
		814A05782A408FA0009C9EB4 /* apple_repo_fetcherApp.swift in Sources */ = {isa = PBXBuildFile; fileRef = 814A05772A408FA0009C9EB4 /* apple_repo_fetcherApp.swift */; };
		814A057C2A408FA3009C9EB4 /* Assets.xcassets in Resources */ = {isa = PBXBuildFile; fileRef = 814A057B2A408FA3009C9EB4 /* Assets.xcassets */; };
		814A05892A408FA3009C9EB4 /* apple_repo_fetcherTests.swift in Sources */ = {isa = PBXBuildFile; fileRef = 814A05882A408FA3009C9EB4 /* apple_repo_fetcherTests.swift */; };
		814A05A82A4095A9009C9EB4 /* AppState.swift in Sources */ = {isa = PBXBuildFile; fileRef = 814A05A72A4095A9009C9EB4 /* AppState.swift */; };
		814A05AA2A40978E009C9EB4 /* GHListRepository.swift in Sources */ = {isa = PBXBuildFile; fileRef = 814A05A92A40978E009C9EB4 /* GHListRepository.swift */; };
		814A05AC2A409981009C9EB4 /* RepositoryListView.swift in Sources */ = {isa = PBXBuildFile; fileRef = 814A05AB2A409981009C9EB4 /* RepositoryListView.swift */; };
		814A05AE2A4099EF009C9EB4 /* ErrorView.swift in Sources */ = {isa = PBXBuildFile; fileRef = 814A05AD2A4099EF009C9EB4 /* ErrorView.swift */; };
		814A05B02A409ABD009C9EB4 /* ListViewModel.swift in Sources */ = {isa = PBXBuildFile; fileRef = 814A05AF2A409ABD009C9EB4 /* ListViewModel.swift */; };
		8158E54E2A42FFE900ED5E03 /* API.swift in Sources */ = {isa = PBXBuildFile; fileRef = 8158E54D2A42FFE900ED5E03 /* API.swift */; };
		8158E5512A43035700ED5E03 /* MockAPI.swift in Sources */ = {isa = PBXBuildFile; fileRef = 8158E54F2A43035200ED5E03 /* MockAPI.swift */; };
		8158E5522A43035B00ED5E03 /* MockRepositories.swift in Sources */ = {isa = PBXBuildFile; fileRef = 819C749A2A41CF14008162B0 /* MockRepositories.swift */; };
		8158E5542A43036000ED5E03 /* MockAPI.swift in Sources */ = {isa = PBXBuildFile; fileRef = 8158E54F2A43035200ED5E03 /* MockAPI.swift */; };
		8158E5552A43037D00ED5E03 /* ListViewModel.swift in Sources */ = {isa = PBXBuildFile; fileRef = 814A05AF2A409ABD009C9EB4 /* ListViewModel.swift */; };
		8158E5562A43038300ED5E03 /* GHListRepository.swift in Sources */ = {isa = PBXBuildFile; fileRef = 814A05A92A40978E009C9EB4 /* GHListRepository.swift */; };
		8158E5572A43038800ED5E03 /* AppState.swift in Sources */ = {isa = PBXBuildFile; fileRef = 814A05A72A4095A9009C9EB4 /* AppState.swift */; };
		8158E5592A43057500ED5E03 /* NetworkError.swift in Sources */ = {isa = PBXBuildFile; fileRef = 8158E5582A43057500ED5E03 /* NetworkError.swift */; };
		8158E55A2A43086A00ED5E03 /* API.swift in Sources */ = {isa = PBXBuildFile; fileRef = 8158E54D2A42FFE900ED5E03 /* API.swift */; };
		8158E55B2A43087800ED5E03 /* NetworkError.swift in Sources */ = {isa = PBXBuildFile; fileRef = 8158E5582A43057500ED5E03 /* NetworkError.swift */; };
		819C74962A41AE6B008162B0 /* ApplePublicReposAPI.swift in Sources */ = {isa = PBXBuildFile; fileRef = 819C74952A41AE6B008162B0 /* ApplePublicReposAPI.swift */; };
		819C74982A41C646008162B0 /* RepositoryListItemView.swift in Sources */ = {isa = PBXBuildFile; fileRef = 819C74972A41C646008162B0 /* RepositoryListItemView.swift */; };
		819C749B2A41CF14008162B0 /* MockRepositories.swift in Sources */ = {isa = PBXBuildFile; fileRef = 819C749A2A41CF14008162B0 /* MockRepositories.swift */; };
/* End PBXBuildFile section */

/* Begin PBXContainerItemProxy section */
		814A05852A408FA3009C9EB4 /* PBXContainerItemProxy */ = {
			isa = PBXContainerItemProxy;
			containerPortal = 814A056C2A408FA0009C9EB4 /* Project object */;
			proxyType = 1;
			remoteGlobalIDString = 814A05732A408FA0009C9EB4;
			remoteInfo = "apple-repo-fetcher";
		};
/* End PBXContainerItemProxy section */

/* Begin PBXFileReference section */
		80E22ACA2A515F3C00F43D16 /* ItemViewModel.swift */ = {isa = PBXFileReference; lastKnownFileType = sourcecode.swift; path = ItemViewModel.swift; sourceTree = "<group>"; };
		80E22ACD2A51646F00F43D16 /* GHFullRepository.swift */ = {isa = PBXFileReference; lastKnownFileType = sourcecode.swift; path = GHFullRepository.swift; sourceTree = "<group>"; };
		80E22ACF2A5167A500F43D16 /* RepositoryPageView.swift */ = {isa = PBXFileReference; lastKnownFileType = sourcecode.swift; path = RepositoryPageView.swift; sourceTree = "<group>"; };
		80E22AD12A517A1300F43D16 /* LoadableView.swift */ = {isa = PBXFileReference; lastKnownFileType = sourcecode.swift; path = LoadableView.swift; sourceTree = "<group>"; };
		80E22AD32A517B0800F43D16 /* ViewModel.swift */ = {isa = PBXFileReference; lastKnownFileType = sourcecode.swift; path = ViewModel.swift; sourceTree = "<group>"; };
		80E22ADA2A52310B00F43D16 /* DateStringFormatter.swift */ = {isa = PBXFileReference; lastKnownFileType = sourcecode.swift; path = DateStringFormatter.swift; sourceTree = "<group>"; };
		814A05742A408FA0009C9EB4 /* apple-repo-fetcher.app */ = {isa = PBXFileReference; explicitFileType = wrapper.application; includeInIndex = 0; path = "apple-repo-fetcher.app"; sourceTree = BUILT_PRODUCTS_DIR; };
		814A05772A408FA0009C9EB4 /* apple_repo_fetcherApp.swift */ = {isa = PBXFileReference; lastKnownFileType = sourcecode.swift; path = apple_repo_fetcherApp.swift; sourceTree = "<group>"; };
		814A057B2A408FA3009C9EB4 /* Assets.xcassets */ = {isa = PBXFileReference; lastKnownFileType = folder.assetcatalog; path = Assets.xcassets; sourceTree = "<group>"; };
		814A05842A408FA3009C9EB4 /* apple-repo-fetcherTests.xctest */ = {isa = PBXFileReference; explicitFileType = wrapper.cfbundle; includeInIndex = 0; path = "apple-repo-fetcherTests.xctest"; sourceTree = BUILT_PRODUCTS_DIR; };
		814A05882A408FA3009C9EB4 /* apple_repo_fetcherTests.swift */ = {isa = PBXFileReference; lastKnownFileType = sourcecode.swift; path = apple_repo_fetcherTests.swift; sourceTree = "<group>"; };
		814A05A72A4095A9009C9EB4 /* AppState.swift */ = {isa = PBXFileReference; lastKnownFileType = sourcecode.swift; path = AppState.swift; sourceTree = "<group>"; };
		814A05A92A40978E009C9EB4 /* GHListRepository.swift */ = {isa = PBXFileReference; lastKnownFileType = sourcecode.swift; path = GHListRepository.swift; sourceTree = "<group>"; };
		814A05AB2A409981009C9EB4 /* RepositoryListView.swift */ = {isa = PBXFileReference; lastKnownFileType = sourcecode.swift; path = RepositoryListView.swift; sourceTree = "<group>"; };
		814A05AD2A4099EF009C9EB4 /* ErrorView.swift */ = {isa = PBXFileReference; lastKnownFileType = sourcecode.swift; path = ErrorView.swift; sourceTree = "<group>"; };
		814A05AF2A409ABD009C9EB4 /* ListViewModel.swift */ = {isa = PBXFileReference; lastKnownFileType = sourcecode.swift; path = ListViewModel.swift; sourceTree = "<group>"; };
		8158E54D2A42FFE900ED5E03 /* API.swift */ = {isa = PBXFileReference; lastKnownFileType = sourcecode.swift; path = API.swift; sourceTree = "<group>"; };
		8158E54F2A43035200ED5E03 /* MockAPI.swift */ = {isa = PBXFileReference; lastKnownFileType = sourcecode.swift; path = MockAPI.swift; sourceTree = "<group>"; };
		8158E5582A43057500ED5E03 /* NetworkError.swift */ = {isa = PBXFileReference; lastKnownFileType = sourcecode.swift; path = NetworkError.swift; sourceTree = "<group>"; };
		819C74952A41AE6B008162B0 /* ApplePublicReposAPI.swift */ = {isa = PBXFileReference; lastKnownFileType = sourcecode.swift; path = ApplePublicReposAPI.swift; sourceTree = "<group>"; };
		819C74972A41C646008162B0 /* RepositoryListItemView.swift */ = {isa = PBXFileReference; lastKnownFileType = sourcecode.swift; path = RepositoryListItemView.swift; sourceTree = "<group>"; };
		819C749A2A41CF14008162B0 /* MockRepositories.swift */ = {isa = PBXFileReference; lastKnownFileType = sourcecode.swift; path = MockRepositories.swift; sourceTree = "<group>"; };
/* End PBXFileReference section */

/* Begin PBXFrameworksBuildPhase section */
		814A05712A408FA0009C9EB4 /* Frameworks */ = {
			isa = PBXFrameworksBuildPhase;
			buildActionMask = 2147483647;
			files = (
			);
			runOnlyForDeploymentPostprocessing = 0;
		};
		814A05812A408FA3009C9EB4 /* Frameworks */ = {
			isa = PBXFrameworksBuildPhase;
			buildActionMask = 2147483647;
			files = (
			);
			runOnlyForDeploymentPostprocessing = 0;
		};
/* End PBXFrameworksBuildPhase section */

/* Begin PBXGroup section */
		80E22AD92A5230F100F43D16 /* Utils */ = {
			isa = PBXGroup;
			children = (
				80E22ADA2A52310B00F43D16 /* DateStringFormatter.swift */,
			);
			path = Utils;
			sourceTree = "<group>";
		};
		814A056B2A408FA0009C9EB4 = {
			isa = PBXGroup;
			children = (
				814A05762A408FA0009C9EB4 /* apple-repo-fetcher */,
				814A05872A408FA3009C9EB4 /* apple-repo-fetcherTests */,
				814A05752A408FA0009C9EB4 /* Products */,
			);
			sourceTree = "<group>";
		};
		814A05752A408FA0009C9EB4 /* Products */ = {
			isa = PBXGroup;
			children = (
				814A05742A408FA0009C9EB4 /* apple-repo-fetcher.app */,
				814A05842A408FA3009C9EB4 /* apple-repo-fetcherTests.xctest */,
			);
			name = Products;
			sourceTree = "<group>";
		};
		814A05762A408FA0009C9EB4 /* apple-repo-fetcher */ = {
			isa = PBXGroup;
			children = (
				80E22AD92A5230F100F43D16 /* Utils */,
				814A05772A408FA0009C9EB4 /* apple_repo_fetcherApp.swift */,
				819C74992A41CEF4008162B0 /* Mocks */,
				814A05A42A4094F9009C9EB4 /* Networking */,
				814A05A32A4094E3009C9EB4 /* Model */,
				814A05A22A4094CE009C9EB4 /* ViewModel */,
				814A05A12A4093B5009C9EB4 /* Views */,
				814A057B2A408FA3009C9EB4 /* Assets.xcassets */,
			);
			path = "apple-repo-fetcher";
			sourceTree = "<group>";
		};
		814A05872A408FA3009C9EB4 /* apple-repo-fetcherTests */ = {
			isa = PBXGroup;
			children = (
				814A05882A408FA3009C9EB4 /* apple_repo_fetcherTests.swift */,
			);
			path = "apple-repo-fetcherTests";
			sourceTree = "<group>";
		};
		814A05A12A4093B5009C9EB4 /* Views */ = {
			isa = PBXGroup;
			children = (
				814A05AB2A409981009C9EB4 /* RepositoryListView.swift */,
				819C74972A41C646008162B0 /* RepositoryListItemView.swift */,
				80E22ACF2A5167A500F43D16 /* RepositoryPageView.swift */,
				80E22AD12A517A1300F43D16 /* LoadableView.swift */,
				814A05AD2A4099EF009C9EB4 /* ErrorView.swift */,
			);
			path = Views;
			sourceTree = "<group>";
		};
		814A05A22A4094CE009C9EB4 /* ViewModel */ = {
			isa = PBXGroup;
			children = (
				814A05AF2A409ABD009C9EB4 /* ListViewModel.swift */,
				80E22ACA2A515F3C00F43D16 /* ItemViewModel.swift */,
				80E22AD32A517B0800F43D16 /* ViewModel.swift */,
			);
			path = ViewModel;
			sourceTree = "<group>";
		};
		814A05A32A4094E3009C9EB4 /* Model */ = {
			isa = PBXGroup;
			children = (
				814A05A72A4095A9009C9EB4 /* AppState.swift */,
				8158E5582A43057500ED5E03 /* NetworkError.swift */,
				814A05A92A40978E009C9EB4 /* GHListRepository.swift */,
				80E22ACD2A51646F00F43D16 /* GHFullRepository.swift */,
			);
			path = Model;
			sourceTree = "<group>";
		};
		814A05A42A4094F9009C9EB4 /* Networking */ = {
			isa = PBXGroup;
			children = (
				819C74952A41AE6B008162B0 /* ApplePublicReposAPI.swift */,
				8158E54D2A42FFE900ED5E03 /* API.swift */,
			);
			path = Networking;
			sourceTree = "<group>";
		};
		819C74992A41CEF4008162B0 /* Mocks */ = {
			isa = PBXGroup;
			children = (
				819C749A2A41CF14008162B0 /* MockRepositories.swift */,
				8158E54F2A43035200ED5E03 /* MockAPI.swift */,
			);
			path = Mocks;
			sourceTree = "<group>";
		};
/* End PBXGroup section */

/* Begin PBXNativeTarget section */
		814A05732A408FA0009C9EB4 /* apple-repo-fetcher */ = {
			isa = PBXNativeTarget;
			buildConfigurationList = 814A05982A408FA3009C9EB4 /* Build configuration list for PBXNativeTarget "apple-repo-fetcher" */;
			buildPhases = (
				814A05702A408FA0009C9EB4 /* Sources */,
				814A05712A408FA0009C9EB4 /* Frameworks */,
				814A05722A408FA0009C9EB4 /* Resources */,
			);
			buildRules = (
			);
			dependencies = (
			);
			name = "apple-repo-fetcher";
			productName = "apple-repo-fetcher";
			productReference = 814A05742A408FA0009C9EB4 /* apple-repo-fetcher.app */;
			productType = "com.apple.product-type.application";
		};
		814A05832A408FA3009C9EB4 /* apple-repo-fetcherTests */ = {
			isa = PBXNativeTarget;
			buildConfigurationList = 814A059B2A408FA3009C9EB4 /* Build configuration list for PBXNativeTarget "apple-repo-fetcherTests" */;
			buildPhases = (
				814A05802A408FA3009C9EB4 /* Sources */,
				814A05812A408FA3009C9EB4 /* Frameworks */,
				814A05822A408FA3009C9EB4 /* Resources */,
			);
			buildRules = (
			);
			dependencies = (
				814A05862A408FA3009C9EB4 /* PBXTargetDependency */,
			);
			name = "apple-repo-fetcherTests";
			productName = "apple-repo-fetcherTests";
			productReference = 814A05842A408FA3009C9EB4 /* apple-repo-fetcherTests.xctest */;
			productType = "com.apple.product-type.bundle.unit-test";
		};
/* End PBXNativeTarget section */

/* Begin PBXProject section */
		814A056C2A408FA0009C9EB4 /* Project object */ = {
			isa = PBXProject;
			attributes = {
				BuildIndependentTargetsInParallel = 1;
				LastSwiftUpdateCheck = 1430;
				LastUpgradeCheck = 1430;
				TargetAttributes = {
					814A05732A408FA0009C9EB4 = {
						CreatedOnToolsVersion = 14.3.1;
					};
					814A05832A408FA3009C9EB4 = {
						CreatedOnToolsVersion = 14.3.1;
						TestTargetID = 814A05732A408FA0009C9EB4;
					};
				};
			};
			buildConfigurationList = 814A056F2A408FA0009C9EB4 /* Build configuration list for PBXProject "apple-repo-fetcher" */;
			compatibilityVersion = "Xcode 14.0";
			developmentRegion = en;
			hasScannedForEncodings = 0;
			knownRegions = (
				en,
				Base,
			);
			mainGroup = 814A056B2A408FA0009C9EB4;
			productRefGroup = 814A05752A408FA0009C9EB4 /* Products */;
			projectDirPath = "";
			projectRoot = "";
			targets = (
				814A05732A408FA0009C9EB4 /* apple-repo-fetcher */,
				814A05832A408FA3009C9EB4 /* apple-repo-fetcherTests */,
			);
		};
/* End PBXProject section */

/* Begin PBXResourcesBuildPhase section */
		814A05722A408FA0009C9EB4 /* Resources */ = {
			isa = PBXResourcesBuildPhase;
			buildActionMask = 2147483647;
			files = (
				814A057C2A408FA3009C9EB4 /* Assets.xcassets in Resources */,
			);
			runOnlyForDeploymentPostprocessing = 0;
		};
		814A05822A408FA3009C9EB4 /* Resources */ = {
			isa = PBXResourcesBuildPhase;
			buildActionMask = 2147483647;
			files = (
			);
			runOnlyForDeploymentPostprocessing = 0;
		};
/* End PBXResourcesBuildPhase section */

/* Begin PBXSourcesBuildPhase section */
		814A05702A408FA0009C9EB4 /* Sources */ = {
			isa = PBXSourcesBuildPhase;
			buildActionMask = 2147483647;
			files = (
				8158E54E2A42FFE900ED5E03 /* API.swift in Sources */,
				814A05AE2A4099EF009C9EB4 /* ErrorView.swift in Sources */,
				80E22ACB2A515F3C00F43D16 /* ItemViewModel.swift in Sources */,
				80E22ADB2A52310B00F43D16 /* DateStringFormatter.swift in Sources */,
				814A05A82A4095A9009C9EB4 /* AppState.swift in Sources */,
				8158E5512A43035700ED5E03 /* MockAPI.swift in Sources */,
				814A05B02A409ABD009C9EB4 /* ListViewModel.swift in Sources */,
				814A05AC2A409981009C9EB4 /* RepositoryListView.swift in Sources */,
				819C749B2A41CF14008162B0 /* MockRepositories.swift in Sources */,
				814A05782A408FA0009C9EB4 /* apple_repo_fetcherApp.swift in Sources */,
				80E22AD42A517B0800F43D16 /* ViewModel.swift in Sources */,
				814A05AA2A40978E009C9EB4 /* GHListRepository.swift in Sources */,
				80E22AD02A5167A500F43D16 /* RepositoryPageView.swift in Sources */,
				80E22AD22A517A1300F43D16 /* LoadableView.swift in Sources */,
				8158E5592A43057500ED5E03 /* NetworkError.swift in Sources */,
				819C74962A41AE6B008162B0 /* ApplePublicReposAPI.swift in Sources */,
				80E22ACE2A51646F00F43D16 /* GHFullRepository.swift in Sources */,
				819C74982A41C646008162B0 /* RepositoryListItemView.swift in Sources */,
			);
			runOnlyForDeploymentPostprocessing = 0;
		};
		814A05802A408FA3009C9EB4 /* Sources */ = {
			isa = PBXSourcesBuildPhase;
			buildActionMask = 2147483647;
			files = (
				814A05892A408FA3009C9EB4 /* apple_repo_fetcherTests.swift in Sources */,
				8158E55B2A43087800ED5E03 /* NetworkError.swift in Sources */,
				8158E5562A43038300ED5E03 /* GHListRepository.swift in Sources */,
				8158E5542A43036000ED5E03 /* MockAPI.swift in Sources */,
				8158E5572A43038800ED5E03 /* AppState.swift in Sources */,
				80E22ACC2A5161B800F43D16 /* ItemViewModel.swift in Sources */,
				8158E5522A43035B00ED5E03 /* MockRepositories.swift in Sources */,
				8158E5552A43037D00ED5E03 /* ListViewModel.swift in Sources */,
				8158E55A2A43086A00ED5E03 /* API.swift in Sources */,
			);
			runOnlyForDeploymentPostprocessing = 0;
		};
/* End PBXSourcesBuildPhase section */

/* Begin PBXTargetDependency section */
		814A05862A408FA3009C9EB4 /* PBXTargetDependency */ = {
			isa = PBXTargetDependency;
			target = 814A05732A408FA0009C9EB4 /* apple-repo-fetcher */;
			targetProxy = 814A05852A408FA3009C9EB4 /* PBXContainerItemProxy */;
		};
/* End PBXTargetDependency section */

/* Begin XCBuildConfiguration section */
		814A05962A408FA3009C9EB4 /* Debug */ = {
			isa = XCBuildConfiguration;
			buildSettings = {
				ALWAYS_SEARCH_USER_PATHS = NO;
				CLANG_ANALYZER_NONNULL = YES;
				CLANG_ANALYZER_NUMBER_OBJECT_CONVERSION = YES_AGGRESSIVE;
				CLANG_CXX_LANGUAGE_STANDARD = "gnu++20";
				CLANG_ENABLE_MODULES = YES;
				CLANG_ENABLE_OBJC_ARC = YES;
				CLANG_ENABLE_OBJC_WEAK = YES;
				CLANG_WARN_BLOCK_CAPTURE_AUTORELEASING = YES;
				CLANG_WARN_BOOL_CONVERSION = YES;
				CLANG_WARN_COMMA = YES;
				CLANG_WARN_CONSTANT_CONVERSION = YES;
				CLANG_WARN_DEPRECATED_OBJC_IMPLEMENTATIONS = YES;
				CLANG_WARN_DIRECT_OBJC_ISA_USAGE = YES_ERROR;
				CLANG_WARN_DOCUMENTATION_COMMENTS = YES;
				CLANG_WARN_EMPTY_BODY = YES;
				CLANG_WARN_ENUM_CONVERSION = YES;
				CLANG_WARN_INFINITE_RECURSION = YES;
				CLANG_WARN_INT_CONVERSION = YES;
				CLANG_WARN_NON_LITERAL_NULL_CONVERSION = YES;
				CLANG_WARN_OBJC_IMPLICIT_RETAIN_SELF = YES;
				CLANG_WARN_OBJC_LITERAL_CONVERSION = YES;
				CLANG_WARN_OBJC_ROOT_CLASS = YES_ERROR;
				CLANG_WARN_QUOTED_INCLUDE_IN_FRAMEWORK_HEADER = YES;
				CLANG_WARN_RANGE_LOOP_ANALYSIS = YES;
				CLANG_WARN_STRICT_PROTOTYPES = YES;
				CLANG_WARN_SUSPICIOUS_MOVE = YES;
				CLANG_WARN_UNGUARDED_AVAILABILITY = YES_AGGRESSIVE;
				CLANG_WARN_UNREACHABLE_CODE = YES;
				CLANG_WARN__DUPLICATE_METHOD_MATCH = YES;
				COPY_PHASE_STRIP = NO;
				DEBUG_INFORMATION_FORMAT = dwarf;
				ENABLE_STRICT_OBJC_MSGSEND = YES;
				ENABLE_TESTABILITY = YES;
				GCC_C_LANGUAGE_STANDARD = gnu11;
				GCC_DYNAMIC_NO_PIC = NO;
				GCC_NO_COMMON_BLOCKS = YES;
				GCC_OPTIMIZATION_LEVEL = 0;
				GCC_PREPROCESSOR_DEFINITIONS = (
					"DEBUG=1",
					"$(inherited)",
				);
				GCC_WARN_64_TO_32_BIT_CONVERSION = YES;
				GCC_WARN_ABOUT_RETURN_TYPE = YES_ERROR;
				GCC_WARN_UNDECLARED_SELECTOR = YES;
				GCC_WARN_UNINITIALIZED_AUTOS = YES_AGGRESSIVE;
				GCC_WARN_UNUSED_FUNCTION = YES;
				GCC_WARN_UNUSED_VARIABLE = YES;
				IPHONEOS_DEPLOYMENT_TARGET = 16.4;
				MTL_ENABLE_DEBUG_INFO = INCLUDE_SOURCE;
				MTL_FAST_MATH = YES;
				ONLY_ACTIVE_ARCH = YES;
				SDKROOT = iphoneos;
				SWIFT_ACTIVE_COMPILATION_CONDITIONS = DEBUG;
				SWIFT_OPTIMIZATION_LEVEL = "-Onone";
			};
			name = Debug;
		};
		814A05972A408FA3009C9EB4 /* Release */ = {
			isa = XCBuildConfiguration;
			buildSettings = {
				ALWAYS_SEARCH_USER_PATHS = NO;
				CLANG_ANALYZER_NONNULL = YES;
				CLANG_ANALYZER_NUMBER_OBJECT_CONVERSION = YES_AGGRESSIVE;
				CLANG_CXX_LANGUAGE_STANDARD = "gnu++20";
				CLANG_ENABLE_MODULES = YES;
				CLANG_ENABLE_OBJC_ARC = YES;
				CLANG_ENABLE_OBJC_WEAK = YES;
				CLANG_WARN_BLOCK_CAPTURE_AUTORELEASING = YES;
				CLANG_WARN_BOOL_CONVERSION = YES;
				CLANG_WARN_COMMA = YES;
				CLANG_WARN_CONSTANT_CONVERSION = YES;
				CLANG_WARN_DEPRECATED_OBJC_IMPLEMENTATIONS = YES;
				CLANG_WARN_DIRECT_OBJC_ISA_USAGE = YES_ERROR;
				CLANG_WARN_DOCUMENTATION_COMMENTS = YES;
				CLANG_WARN_EMPTY_BODY = YES;
				CLANG_WARN_ENUM_CONVERSION = YES;
				CLANG_WARN_INFINITE_RECURSION = YES;
				CLANG_WARN_INT_CONVERSION = YES;
				CLANG_WARN_NON_LITERAL_NULL_CONVERSION = YES;
				CLANG_WARN_OBJC_IMPLICIT_RETAIN_SELF = YES;
				CLANG_WARN_OBJC_LITERAL_CONVERSION = YES;
				CLANG_WARN_OBJC_ROOT_CLASS = YES_ERROR;
				CLANG_WARN_QUOTED_INCLUDE_IN_FRAMEWORK_HEADER = YES;
				CLANG_WARN_RANGE_LOOP_ANALYSIS = YES;
				CLANG_WARN_STRICT_PROTOTYPES = YES;
				CLANG_WARN_SUSPICIOUS_MOVE = YES;
				CLANG_WARN_UNGUARDED_AVAILABILITY = YES_AGGRESSIVE;
				CLANG_WARN_UNREACHABLE_CODE = YES;
				CLANG_WARN__DUPLICATE_METHOD_MATCH = YES;
				COPY_PHASE_STRIP = NO;
				DEBUG_INFORMATION_FORMAT = "dwarf-with-dsym";
				ENABLE_NS_ASSERTIONS = NO;
				ENABLE_STRICT_OBJC_MSGSEND = YES;
				GCC_C_LANGUAGE_STANDARD = gnu11;
				GCC_NO_COMMON_BLOCKS = YES;
				GCC_WARN_64_TO_32_BIT_CONVERSION = YES;
				GCC_WARN_ABOUT_RETURN_TYPE = YES_ERROR;
				GCC_WARN_UNDECLARED_SELECTOR = YES;
				GCC_WARN_UNINITIALIZED_AUTOS = YES_AGGRESSIVE;
				GCC_WARN_UNUSED_FUNCTION = YES;
				GCC_WARN_UNUSED_VARIABLE = YES;
				IPHONEOS_DEPLOYMENT_TARGET = 16.4;
				MTL_ENABLE_DEBUG_INFO = NO;
				MTL_FAST_MATH = YES;
				SDKROOT = iphoneos;
				SWIFT_COMPILATION_MODE = wholemodule;
				SWIFT_OPTIMIZATION_LEVEL = "-O";
				VALIDATE_PRODUCT = YES;
			};
			name = Release;
		};
		814A05992A408FA3009C9EB4 /* Debug */ = {
			isa = XCBuildConfiguration;
			buildSettings = {
				ASSETCATALOG_COMPILER_APPICON_NAME = AppIcon;
				ASSETCATALOG_COMPILER_GLOBAL_ACCENT_COLOR_NAME = AccentColor;
				CODE_SIGN_STYLE = Automatic;
				CURRENT_PROJECT_VERSION = 1;
				DEVELOPMENT_ASSET_PATHS = "";
				ENABLE_PREVIEWS = YES;
				GENERATE_INFOPLIST_FILE = YES;
				INFOPLIST_KEY_UIApplicationSceneManifest_Generation = YES;
				INFOPLIST_KEY_UIApplicationSupportsIndirectInputEvents = YES;
				INFOPLIST_KEY_UILaunchScreen_Generation = YES;
				INFOPLIST_KEY_UISupportedInterfaceOrientations_iPad = "UIInterfaceOrientationPortrait UIInterfaceOrientationPortraitUpsideDown UIInterfaceOrientationLandscapeLeft UIInterfaceOrientationLandscapeRight";
				INFOPLIST_KEY_UISupportedInterfaceOrientations_iPhone = "UIInterfaceOrientationPortrait UIInterfaceOrientationLandscapeLeft UIInterfaceOrientationLandscapeRight";
				LD_RUNPATH_SEARCH_PATHS = (
					"$(inherited)",
					"@executable_path/Frameworks",
				);
				MARKETING_VERSION = 1.0;
				PRODUCT_BUNDLE_IDENTIFIER = "com.anmar.hizber.apple-repo-fetcher";
				PRODUCT_NAME = "$(TARGET_NAME)";
				SWIFT_EMIT_LOC_STRINGS = YES;
				SWIFT_VERSION = 5.0;
				TARGETED_DEVICE_FAMILY = "1,2";
			};
			name = Debug;
		};
		814A059A2A408FA3009C9EB4 /* Release */ = {
			isa = XCBuildConfiguration;
			buildSettings = {
				ASSETCATALOG_COMPILER_APPICON_NAME = AppIcon;
				ASSETCATALOG_COMPILER_GLOBAL_ACCENT_COLOR_NAME = AccentColor;
				CODE_SIGN_STYLE = Automatic;
				CURRENT_PROJECT_VERSION = 1;
				DEVELOPMENT_ASSET_PATHS = "";
				ENABLE_PREVIEWS = YES;
				GENERATE_INFOPLIST_FILE = YES;
				INFOPLIST_KEY_UIApplicationSceneManifest_Generation = YES;
				INFOPLIST_KEY_UIApplicationSupportsIndirectInputEvents = YES;
				INFOPLIST_KEY_UILaunchScreen_Generation = YES;
				INFOPLIST_KEY_UISupportedInterfaceOrientations_iPad = "UIInterfaceOrientationPortrait UIInterfaceOrientationPortraitUpsideDown UIInterfaceOrientationLandscapeLeft UIInterfaceOrientationLandscapeRight";
				INFOPLIST_KEY_UISupportedInterfaceOrientations_iPhone = "UIInterfaceOrientationPortrait UIInterfaceOrientationLandscapeLeft UIInterfaceOrientationLandscapeRight";
				LD_RUNPATH_SEARCH_PATHS = (
					"$(inherited)",
					"@executable_path/Frameworks",
				);
				MARKETING_VERSION = 1.0;
				PRODUCT_BUNDLE_IDENTIFIER = "com.anmar.hizber.apple-repo-fetcher";
				PRODUCT_NAME = "$(TARGET_NAME)";
				SWIFT_EMIT_LOC_STRINGS = YES;
				SWIFT_VERSION = 5.0;
				TARGETED_DEVICE_FAMILY = "1,2";
			};
			name = Release;
		};
		814A059C2A408FA3009C9EB4 /* Debug */ = {
			isa = XCBuildConfiguration;
			buildSettings = {
				ALWAYS_EMBED_SWIFT_STANDARD_LIBRARIES = YES;
				BUNDLE_LOADER = "$(TEST_HOST)";
				CODE_SIGN_STYLE = Automatic;
				CURRENT_PROJECT_VERSION = 1;
				GENERATE_INFOPLIST_FILE = YES;
				IPHONEOS_DEPLOYMENT_TARGET = 16.4;
				MARKETING_VERSION = 1.0;
				PRODUCT_BUNDLE_IDENTIFIER = "com.anmar.hizber.apple-repo-fetcherTests";
				PRODUCT_NAME = "$(TARGET_NAME)";
				SWIFT_EMIT_LOC_STRINGS = NO;
				SWIFT_VERSION = 5.0;
				TARGETED_DEVICE_FAMILY = "1,2";
				TEST_HOST = "$(BUILT_PRODUCTS_DIR)/apple-repo-fetcher.app/$(BUNDLE_EXECUTABLE_FOLDER_PATH)/apple-repo-fetcher";
			};
			name = Debug;
		};
		814A059D2A408FA3009C9EB4 /* Release */ = {
			isa = XCBuildConfiguration;
			buildSettings = {
				ALWAYS_EMBED_SWIFT_STANDARD_LIBRARIES = YES;
				BUNDLE_LOADER = "$(TEST_HOST)";
				CODE_SIGN_STYLE = Automatic;
				CURRENT_PROJECT_VERSION = 1;
				GENERATE_INFOPLIST_FILE = YES;
				IPHONEOS_DEPLOYMENT_TARGET = 16.4;
				MARKETING_VERSION = 1.0;
				PRODUCT_BUNDLE_IDENTIFIER = "com.anmar.hizber.apple-repo-fetcherTests";
				PRODUCT_NAME = "$(TARGET_NAME)";
				SWIFT_EMIT_LOC_STRINGS = NO;
				SWIFT_VERSION = 5.0;
				TARGETED_DEVICE_FAMILY = "1,2";
				TEST_HOST = "$(BUILT_PRODUCTS_DIR)/apple-repo-fetcher.app/$(BUNDLE_EXECUTABLE_FOLDER_PATH)/apple-repo-fetcher";
			};
			name = Release;
		};
/* End XCBuildConfiguration section */

/* Begin XCConfigurationList section */
		814A056F2A408FA0009C9EB4 /* Build configuration list for PBXProject "apple-repo-fetcher" */ = {
			isa = XCConfigurationList;
			buildConfigurations = (
				814A05962A408FA3009C9EB4 /* Debug */,
				814A05972A408FA3009C9EB4 /* Release */,
			);
			defaultConfigurationIsVisible = 0;
			defaultConfigurationName = Release;
		};
		814A05982A408FA3009C9EB4 /* Build configuration list for PBXNativeTarget "apple-repo-fetcher" */ = {
			isa = XCConfigurationList;
			buildConfigurations = (
				814A05992A408FA3009C9EB4 /* Debug */,
				814A059A2A408FA3009C9EB4 /* Release */,
			);
			defaultConfigurationIsVisible = 0;
			defaultConfigurationName = Release;
		};
		814A059B2A408FA3009C9EB4 /* Build configuration list for PBXNativeTarget "apple-repo-fetcherTests" */ = {
			isa = XCConfigurationList;
			buildConfigurations = (
				814A059C2A408FA3009C9EB4 /* Debug */,
				814A059D2A408FA3009C9EB4 /* Release */,
			);
			defaultConfigurationIsVisible = 0;
			defaultConfigurationName = Release;
		};
/* End XCConfigurationList section */
	};
	rootObject = 814A056C2A408FA0009C9EB4 /* Project object */;
}
